
Microsoft Visual Studio Solution File, Format Version 12.00
# Visual Studio Version 17
VisualStudioVersion = 17.14.36518.9
MinimumVisualStudioVersion = 10.0.40219.1
Project("{FAE04EC0-301F-11D3-BF4B-00C04F79EFBC}") = "ToniEmprega", "ToniEmprega\ToniEmprega.csproj", "{3D3FE389-3846-4F1B-B6FA-FCBCD495DB77}"
EndProject
Global
	GlobalSection(SolutionConfigurationPlatforms) = preSolution
		Debug|Any CPU = Debug|Any CPU
		Release|Any CPU = Release|Any CPU
	EndGlobalSection
	GlobalSection(ProjectConfigurationPlatforms) = postSolution
		{3D3FE389-3846-4F1B-B6FA-FCBCD495DB77}.Debug|Any CPU.ActiveCfg = Debug|Any CPU
		{3D3FE389-3846-4F1B-B6FA-FCBCD495DB77}.Debug|Any CPU.Build.0 = Debug|Any CPU
		{3D3FE389-3846-4F1B-B6FA-FCBCD495DB77}.Release|Any CPU.ActiveCfg = Release|Any CPU
		{3D3FE389-3846-4F1B-B6FA-FCBCD495DB77}.Release|Any CPU.Build.0 = Release|Any CPU
	EndGlobalSection
	GlobalSection(SolutionProperties) = preSolution
		HideSolutionNode = FALSE
	EndGlobalSection
	GlobalSection(ExtensibilityGlobals) = postSolution
		SolutionGuid = {AA7BEC3A-188F-401F-BA31-9004BFED0B2D}
	EndGlobalSection
EndGlobal
